schema: '2.0'
stages:
  describe_data:
    cmd: "python -m src.describe_data --input data/raw/bank-additional-full.csv --sep\
      \ \";\" --outdir reports/summary --figdir reports/figures/desc\n"
    deps:
    - path: data/raw/bank-additional-full.csv
      hash: md5
      md5: f6cb2c1256ffe2836b36df321f46e92c
      size: 5834924
    - path: src/describe_data.py
      hash: md5
      md5: f3a2ec20bb7d775d2dea46b97b1ed16c
      size: 3621
    outs:
    - path: reports/figures/desc
      hash: md5
      md5: 25b1337658d259e335494ea95edc1124.dir
      size: 264291
      nfiles: 21
    - path: reports/summary/summary_cardinality.csv
      hash: md5
      md5: 8a3701afc0489d299a61adbfedceffbe
      size: 268
    - path: reports/summary/summary_describe.csv
      hash: md5
      md5: ed2733f897dbb2166dea8037696bc352
      size: 1317
    - path: reports/summary/summary_dtypes.csv
      hash: md5
      md5: 4cc5ba0a43b11bb31bd8a3d2c3e63e09
      size: 357
    - path: reports/summary/summary_nulls.csv
      hash: md5
      md5: 97db627e9c2b5ff7ccd5aad2ac10ea10
      size: 350
    - path: reports/summary/summary_value_counts.csv
      hash: md5
      md5: c63108778a49b9fdc22afe3449b7c74f
      size: 1448
  visualize_data:
    cmd: "python -m src.data_visualization --input data/raw/bank-additional-full.csv\
      \ --sep \";\" --figdir reports/figures/eda --summarydir reports/summary\n"
    deps:
    - path: data/raw/bank-additional-full.csv
      hash: md5
      md5: f6cb2c1256ffe2836b36df321f46e92c
      size: 5834924
    - path: src/data_visualization.py
      hash: md5
      md5: 6924d3e5762ca837d18a3b14e84c1fbf
      size: 3519
    outs:
    - path: reports/figures/eda
      hash: md5
      md5: 33316b3c8e3d56100ffa1234f6f6b0df.dir
      size: 418766
      nfiles: 14
    - path: reports/summary/categorical_cardinality.csv
      hash: md5
      md5: 670d5e92eff6d0c476420ec9bc7051f4
      size: 125
    - path: reports/summary/corr_matrix.csv
      hash: md5
      md5: 2d3f5b23fcbebe482abe56ef9a4e3937
      size: 2086
    - path: reports/summary/nulls_by_column.csv
      hash: md5
      md5: 432d89e2bfb22a5fd4315c9a07fa9e76
      size: 252
    - path: reports/summary/target_balance_pct.csv
      hash: md5
      md5: a9f2d2be80999c353e2fcb130ad79413
      size: 35
